
Microsoft Visual Studio Solution File, Format Version 12.00
# Visual Studio Version 17
VisualStudioVersion = 17.9.34728.123
MinimumVisualStudioVersion = 10.0.40219.1
Project("{8BC9CEB8-8B4A-11D0-8D11-00A0C91BC942}") = "OpenGl", "OpenGl\OpenGl.vcxproj", "{3978D29D-B9FB-4FF4-9C34-AD3C42BD7863}"
EndProject
Global
	GlobalSection(SolutionConfigurationPlatforms) = preSolution
		Debug|x64 = Debug|x64
		Debug|x86 = Debug|x86
		Release|x64 = Release|x64
		Release|x86 = Release|x86
	EndGlobalSection
	GlobalSection(ProjectConfigurationPlatforms) = postSolution
		{3978D29D-B9FB-4FF4-9C34-AD3C42BD7863}.Debug|x64.ActiveCfg = Debug|x64
		{3978D29D-B9FB-4FF4-9C34-AD3C42BD7863}.Debug|x64.Build.0 = Debug|x64
		{3978D29D-B9FB-4FF4-9C34-AD3C42BD7863}.Debug|x86.ActiveCfg = Debug|Win32
		{3978D29D-B9FB-4FF4-9C34-AD3C42BD7863}.Debug|x86.Build.0 = Debug|Win32
		{3978D29D-B9FB-4FF4-9C34-AD3C42BD7863}.Release|x64.ActiveCfg = Release|x64
		{3978D29D-B9FB-4FF4-9C34-AD3C42BD7863}.Release|x64.Build.0 = Release|x64
		{3978D29D-B9FB-4FF4-9C34-AD3C42BD7863}.Release|x86.ActiveCfg = Release|Win32
		{3978D29D-B9FB-4FF4-9C34-AD3C42BD7863}.Release|x86.Build.0 = Release|Win32
	EndGlobalSection
	GlobalSection(SolutionProperties) = preSolution
		HideSolutionNode = FALSE
	EndGlobalSection
	GlobalSection(ExtensibilityGlobals) = postSolution
		SolutionGuid = {F1E67814-4144-4848-A078-A8718853D099}
	EndGlobalSection
EndGlobal
